
Microsoft Visual Studio Solution File, Format Version 12.00
# Visual Studio 15
VisualStudioVersion = 15.0.28307.102
MinimumVisualStudioVersion = 10.0.40219.1
Project("{FAE04EC0-301F-11D3-BF4B-00C04F79EFBC}") = "EmployeeRegistration.Web", "EmployeeRegistration.Web\EmployeeRegistration.Web.csproj", "{0C4C2311-09DE-4BB2-B67D-D199FC8D616D}"
EndProject
Project("{FAE04EC0-301F-11D3-BF4B-00C04F79EFBC}") = "EmployeeRegistration.Data.Contracts", "EmployeeRegistration.Data.Contracts\EmployeeRegistration.Data.Contracts.csproj", "{923AA0CB-93C1-47FF-B8AB-BBD4DDBE4500}"
EndProject
Project("{FAE04EC0-301F-11D3-BF4B-00C04F79EFBC}") = "EmployeeRegistration.Data.Repositories", "EmployeeRegistration.Data.Repositories\EmployeeRegistration.Data.Repositories.csproj", "{96FD963E-51D1-463A-A401-317AA00A95DB}"
EndProject
Global
	GlobalSection(SolutionConfigurationPlatforms) = preSolution
		Debug|Any CPU = Debug|Any CPU
		Release|Any CPU = Release|Any CPU
	EndGlobalSection
	GlobalSection(ProjectConfigurationPlatforms) = postSolution
		{0C4C2311-09DE-4BB2-B67D-D199FC8D616D}.Debug|Any CPU.ActiveCfg = Debug|Any CPU
		{0C4C2311-09DE-4BB2-B67D-D199FC8D616D}.Debug|Any CPU.Build.0 = Debug|Any CPU
		{0C4C2311-09DE-4BB2-B67D-D199FC8D616D}.Release|Any CPU.ActiveCfg = Release|Any CPU
		{0C4C2311-09DE-4BB2-B67D-D199FC8D616D}.Release|Any CPU.Build.0 = Release|Any CPU
		{923AA0CB-93C1-47FF-B8AB-BBD4DDBE4500}.Debug|Any CPU.ActiveCfg = Debug|Any CPU
		{923AA0CB-93C1-47FF-B8AB-BBD4DDBE4500}.Debug|Any CPU.Build.0 = Debug|Any CPU
		{923AA0CB-93C1-47FF-B8AB-BBD4DDBE4500}.Release|Any CPU.ActiveCfg = Release|Any CPU
		{923AA0CB-93C1-47FF-B8AB-BBD4DDBE4500}.Release|Any CPU.Build.0 = Release|Any CPU
		{96FD963E-51D1-463A-A401-317AA00A95DB}.Debug|Any CPU.ActiveCfg = Debug|Any CPU
		{96FD963E-51D1-463A-A401-317AA00A95DB}.Debug|Any CPU.Build.0 = Debug|Any CPU
		{96FD963E-51D1-463A-A401-317AA00A95DB}.Release|Any CPU.ActiveCfg = Release|Any CPU
		{96FD963E-51D1-463A-A401-317AA00A95DB}.Release|Any CPU.Build.0 = Release|Any CPU
	EndGlobalSection
	GlobalSection(SolutionProperties) = preSolution
		HideSolutionNode = FALSE
	EndGlobalSection
	GlobalSection(ExtensibilityGlobals) = postSolution
		SolutionGuid = {04275AAA-C7C1-4C55-A606-CCDA747FB686}
	EndGlobalSection
EndGlobal
