
Microsoft Visual Studio Solution File, Format Version 12.00
# Visual Studio 15
VisualStudioVersion = 15.0.28307.102
MinimumVisualStudioVersion = 10.0.40219.1
Project("{9A19103F-16F7-4668-BE54-9A1E7A4F7556}") = "EmployeeRegistration.Web", "EmployeeRegistration.Web\EmployeeRegistration.Web.csproj", "{0C4C2311-09DE-4BB2-B67D-D199FC8D616D}"
EndProject
Project("{FAE04EC0-301F-11D3-BF4B-00C04F79EFBC}") = "EmployeeRegistration.Data.Contracts", "EmployeeRegistration.Data.Contracts\EmployeeRegistration.Data.Contracts.csproj", "{923AA0CB-93C1-47FF-B8AB-BBD4DDBE4500}"
EndProject
Project("{FAE04EC0-301F-11D3-BF4B-00C04F79EFBC}") = "EmployeeRegistration.Data.Repositories", "EmployeeRegistration.Data.Repositories\EmployeeRegistration.Data.Repositories.csproj", "{96FD963E-51D1-463A-A401-317AA00A95DB}"
EndProject
Project("{FAE04EC0-301F-11D3-BF4B-00C04F79EFBC}") = "EmployeeRegistration.Domain.Contracts", "EmployeeRegistration.Domain.Contracts\EmployeeRegistration.Domain.Contracts.csproj", "{38B5493F-4E50-4F26-B26A-EFE0DE952731}"
EndProject
Project("{FAE04EC0-301F-11D3-BF4B-00C04F79EFBC}") = "EmployeeRegistration.Domain.Services", "EmployeeRegistration.Domain.Services\EmployeeRegistration.Domain.Services.csproj", "{E66F5EF8-1CCA-4C43-AB17-9C82CCBB14C0}"
EndProject
Project("{FAE04EC0-301F-11D3-BF4B-00C04F79EFBC}") = "EmployeeRegistration.Infrastructure", "EmployeeRegistration.Infrastructure\EmployeeRegistration.Infrastructure.csproj", "{A508AE43-D6D6-4D13-AD2D-6956813E16A9}"
EndProject
Global
	GlobalSection(SolutionConfigurationPlatforms) = preSolution
		Debug|Any CPU = Debug|Any CPU
		Release|Any CPU = Release|Any CPU
	EndGlobalSection
	GlobalSection(ProjectConfigurationPlatforms) = postSolution
		{0C4C2311-09DE-4BB2-B67D-D199FC8D616D}.Debug|Any CPU.ActiveCfg = Debug|Any CPU
		{0C4C2311-09DE-4BB2-B67D-D199FC8D616D}.Debug|Any CPU.Build.0 = Debug|Any CPU
		{0C4C2311-09DE-4BB2-B67D-D199FC8D616D}.Release|Any CPU.ActiveCfg = Release|Any CPU
		{0C4C2311-09DE-4BB2-B67D-D199FC8D616D}.Release|Any CPU.Build.0 = Release|Any CPU
		{923AA0CB-93C1-47FF-B8AB-BBD4DDBE4500}.Debug|Any CPU.ActiveCfg = Debug|Any CPU
		{923AA0CB-93C1-47FF-B8AB-BBD4DDBE4500}.Debug|Any CPU.Build.0 = Debug|Any CPU
		{923AA0CB-93C1-47FF-B8AB-BBD4DDBE4500}.Release|Any CPU.ActiveCfg = Release|Any CPU
		{923AA0CB-93C1-47FF-B8AB-BBD4DDBE4500}.Release|Any CPU.Build.0 = Release|Any CPU
		{96FD963E-51D1-463A-A401-317AA00A95DB}.Debug|Any CPU.ActiveCfg = Debug|Any CPU
		{96FD963E-51D1-463A-A401-317AA00A95DB}.Debug|Any CPU.Build.0 = Debug|Any CPU
		{96FD963E-51D1-463A-A401-317AA00A95DB}.Release|Any CPU.ActiveCfg = Release|Any CPU
		{96FD963E-51D1-463A-A401-317AA00A95DB}.Release|Any CPU.Build.0 = Release|Any CPU
		{38B5493F-4E50-4F26-B26A-EFE0DE952731}.Debug|Any CPU.ActiveCfg = Debug|Any CPU
		{38B5493F-4E50-4F26-B26A-EFE0DE952731}.Debug|Any CPU.Build.0 = Debug|Any CPU
		{38B5493F-4E50-4F26-B26A-EFE0DE952731}.Release|Any CPU.ActiveCfg = Release|Any CPU
		{38B5493F-4E50-4F26-B26A-EFE0DE952731}.Release|Any CPU.Build.0 = Release|Any CPU
		{E66F5EF8-1CCA-4C43-AB17-9C82CCBB14C0}.Debug|Any CPU.ActiveCfg = Debug|Any CPU
		{E66F5EF8-1CCA-4C43-AB17-9C82CCBB14C0}.Debug|Any CPU.Build.0 = Debug|Any CPU
		{E66F5EF8-1CCA-4C43-AB17-9C82CCBB14C0}.Release|Any CPU.ActiveCfg = Release|Any CPU
		{E66F5EF8-1CCA-4C43-AB17-9C82CCBB14C0}.Release|Any CPU.Build.0 = Release|Any CPU
		{A508AE43-D6D6-4D13-AD2D-6956813E16A9}.Debug|Any CPU.ActiveCfg = Debug|Any CPU
		{A508AE43-D6D6-4D13-AD2D-6956813E16A9}.Debug|Any CPU.Build.0 = Debug|Any CPU
		{A508AE43-D6D6-4D13-AD2D-6956813E16A9}.Release|Any CPU.ActiveCfg = Release|Any CPU
		{A508AE43-D6D6-4D13-AD2D-6956813E16A9}.Release|Any CPU.Build.0 = Release|Any CPU
	EndGlobalSection
	GlobalSection(SolutionProperties) = preSolution
		HideSolutionNode = FALSE
	EndGlobalSection
	GlobalSection(ExtensibilityGlobals) = postSolution
		SolutionGuid = {04275AAA-C7C1-4C55-A606-CCDA747FB686}
	EndGlobalSection
EndGlobal
